// !$*UTF8*$!
{
	archiveVersion = 1;
	classes = {
	};
	objectVersion = 56;
	objects = {

/* Begin PBXBuildFile section */
		C3243E7B2B2F913000071C8F /* ReFixApp.swift in Sources */ = {isa = PBXBuildFile; fileRef = C3243E7A2B2F913000071C8F /* ReFixApp.swift */; };
		C3243E7D2B2F913000071C8F /* MainView.swift in Sources */ = {isa = PBXBuildFile; fileRef = C3243E7C2B2F913000071C8F /* MainView.swift */; };
		C3243E7F2B2F913200071C8F /* Assets.xcassets in Resources */ = {isa = PBXBuildFile; fileRef = C3243E7E2B2F913200071C8F /* Assets.xcassets */; };
		C3243E822B2F913200071C8F /* Preview Assets.xcassets in Resources */ = {isa = PBXBuildFile; fileRef = C3243E812B2F913200071C8F /* Preview Assets.xcassets */; };
		C3243E8C2B2F913200071C8F /* ReFixTests.swift in Sources */ = {isa = PBXBuildFile; fileRef = C3243E8B2B2F913200071C8F /* ReFixTests.swift */; };
		C3243E962B2F913200071C8F /* ReFixUITests.swift in Sources */ = {isa = PBXBuildFile; fileRef = C3243E952B2F913200071C8F /* ReFixUITests.swift */; };
		C3243E982B2F913200071C8F /* ReFixUITestsLaunchTests.swift in Sources */ = {isa = PBXBuildFile; fileRef = C3243E972B2F913200071C8F /* ReFixUITestsLaunchTests.swift */; };
		C3243EA82B2FB6F700071C8F /* LaunchScreen.storyboard in Resources */ = {isa = PBXBuildFile; fileRef = C3243EA72B2FB6F700071C8F /* LaunchScreen.storyboard */; };
		C395D1172B3FD93300B6F3D4 /* SignInView.swift in Sources */ = {isa = PBXBuildFile; fileRef = C395D1162B3FD93300B6F3D4 /* SignInView.swift */; };
		C395D1192B3FD99100B6F3D4 /* ProfileView.swift in Sources */ = {isa = PBXBuildFile; fileRef = C395D1182B3FD99100B6F3D4 /* ProfileView.swift */; };
		C395D11C2B477CEB00B6F3D4 /* FirebaseAuth in Frameworks */ = {isa = PBXBuildFile; productRef = C395D11B2B477CEB00B6F3D4 /* FirebaseAuth */; };
		C395D11E2B477CEB00B6F3D4 /* FirebaseFirestore in Frameworks */ = {isa = PBXBuildFile; productRef = C395D11D2B477CEB00B6F3D4 /* FirebaseFirestore */; };
		C395D1202B477DD200B6F3D4 /* GoogleService-Info.plist in Resources */ = {isa = PBXBuildFile; fileRef = C395D11F2B477DD100B6F3D4 /* GoogleService-Info.plist */; };
		C395D1212B477DD200B6F3D4 /* GoogleService-Info.plist in Resources */ = {isa = PBXBuildFile; fileRef = C395D11F2B477DD100B6F3D4 /* GoogleService-Info.plist */; };
		C395D1222B477DD200B6F3D4 /* GoogleService-Info.plist in Resources */ = {isa = PBXBuildFile; fileRef = C395D11F2B477DD100B6F3D4 /* GoogleService-Info.plist */; };
		C395D12D2B497E1F00B6F3D4 /* SignUpView.swift in Sources */ = {isa = PBXBuildFile; fileRef = C395D12C2B497E1F00B6F3D4 /* SignUpView.swift */; };
		C3A617932B3A0EFB0023A746 /* Client.swift in Sources */ = {isa = PBXBuildFile; fileRef = C3A617922B3A0EFB0023A746 /* Client.swift */; };
		C3A617952B3A0FA80023A746 /* ConterAgent.swift in Sources */ = {isa = PBXBuildFile; fileRef = C3A617942B3A0FA80023A746 /* ConterAgent.swift */; };
		C3A617972B3A17320023A746 /* RepairsListView.swift in Sources */ = {isa = PBXBuildFile; fileRef = C3A617962B3A17320023A746 /* RepairsListView.swift */; };
		C3F87D0B2B36B6A2009C3EBC /* Repair.swift in Sources */ = {isa = PBXBuildFile; fileRef = C3F87D0A2B36B6A2009C3EBC /* Repair.swift */; };
		C3F87D0F2B36C7B3009C3EBC /* ClientsListView.swift in Sources */ = {isa = PBXBuildFile; fileRef = C3F87D0E2B36C7B3009C3EBC /* ClientsListView.swift */; };
		C3F87D112B36C7D4009C3EBC /* ConteragentListView.swift in Sources */ = {isa = PBXBuildFile; fileRef = C3F87D102B36C7D4009C3EBC /* ConteragentListView.swift */; };
/* End PBXBuildFile section */

/* Begin PBXContainerItemProxy section */
		C3243E882B2F913200071C8F /* PBXContainerItemProxy */ = {
			isa = PBXContainerItemProxy;
			containerPortal = C3243E6F2B2F913000071C8F /* Project object */;
			proxyType = 1;
			remoteGlobalIDString = C3243E762B2F913000071C8F;
			remoteInfo = ReFix;
		};
		C3243E922B2F913200071C8F /* PBXContainerItemProxy */ = {
			isa = PBXContainerItemProxy;
			containerPortal = C3243E6F2B2F913000071C8F /* Project object */;
			proxyType = 1;
			remoteGlobalIDString = C3243E762B2F913000071C8F;
			remoteInfo = ReFix;
		};
/* End PBXContainerItemProxy section */

/* Begin PBXFileReference section */
		C3243E772B2F913000071C8F /* ReFix.app */ = {isa = PBXFileReference; explicitFileType = wrapper.application; includeInIndex = 0; path = ReFix.app; sourceTree = BUILT_PRODUCTS_DIR; };
		C3243E7A2B2F913000071C8F /* ReFixApp.swift */ = {isa = PBXFileReference; lastKnownFileType = sourcecode.swift; path = ReFixApp.swift; sourceTree = "<group>"; };
		C3243E7C2B2F913000071C8F /* MainView.swift */ = {isa = PBXFileReference; lastKnownFileType = sourcecode.swift; path = MainView.swift; sourceTree = "<group>"; };
		C3243E7E2B2F913200071C8F /* Assets.xcassets */ = {isa = PBXFileReference; lastKnownFileType = folder.assetcatalog; path = Assets.xcassets; sourceTree = "<group>"; };
		C3243E812B2F913200071C8F /* Preview Assets.xcassets */ = {isa = PBXFileReference; lastKnownFileType = folder.assetcatalog; path = "Preview Assets.xcassets"; sourceTree = "<group>"; };
		C3243E872B2F913200071C8F /* ReFixTests.xctest */ = {isa = PBXFileReference; explicitFileType = wrapper.cfbundle; includeInIndex = 0; path = ReFixTests.xctest; sourceTree = BUILT_PRODUCTS_DIR; };
		C3243E8B2B2F913200071C8F /* ReFixTests.swift */ = {isa = PBXFileReference; lastKnownFileType = sourcecode.swift; path = ReFixTests.swift; sourceTree = "<group>"; };
		C3243E912B2F913200071C8F /* ReFixUITests.xctest */ = {isa = PBXFileReference; explicitFileType = wrapper.cfbundle; includeInIndex = 0; path = ReFixUITests.xctest; sourceTree = BUILT_PRODUCTS_DIR; };
		C3243E952B2F913200071C8F /* ReFixUITests.swift */ = {isa = PBXFileReference; lastKnownFileType = sourcecode.swift; path = ReFixUITests.swift; sourceTree = "<group>"; };
		C3243E972B2F913200071C8F /* ReFixUITestsLaunchTests.swift */ = {isa = PBXFileReference; lastKnownFileType = sourcecode.swift; path = ReFixUITestsLaunchTests.swift; sourceTree = "<group>"; };
		C3243EA62B2FB40800071C8F /* Info.plist */ = {isa = PBXFileReference; lastKnownFileType = text.plist; path = Info.plist; sourceTree = "<group>"; };
		C3243EA72B2FB6F700071C8F /* LaunchScreen.storyboard */ = {isa = PBXFileReference; lastKnownFileType = file.storyboard; path = LaunchScreen.storyboard; sourceTree = "<group>"; };
		C395D1162B3FD93300B6F3D4 /* SignInView.swift */ = {isa = PBXFileReference; lastKnownFileType = sourcecode.swift; path = SignInView.swift; sourceTree = "<group>"; };
		C395D1182B3FD99100B6F3D4 /* ProfileView.swift */ = {isa = PBXFileReference; lastKnownFileType = sourcecode.swift; path = ProfileView.swift; sourceTree = "<group>"; };
		C395D11F2B477DD100B6F3D4 /* GoogleService-Info.plist */ = {isa = PBXFileReference; fileEncoding = 4; lastKnownFileType = text.plist.xml; name = "GoogleService-Info.plist"; path = "../../../../Downloads/GoogleService-Info.plist"; sourceTree = "<group>"; };
		C395D12C2B497E1F00B6F3D4 /* SignUpView.swift */ = {isa = PBXFileReference; lastKnownFileType = sourcecode.swift; path = SignUpView.swift; sourceTree = "<group>"; };
		C3A617922B3A0EFB0023A746 /* Client.swift */ = {isa = PBXFileReference; lastKnownFileType = sourcecode.swift; path = Client.swift; sourceTree = "<group>"; };
		C3A617942B3A0FA80023A746 /* ConterAgent.swift */ = {isa = PBXFileReference; lastKnownFileType = sourcecode.swift; path = ConterAgent.swift; sourceTree = "<group>"; };
		C3A617962B3A17320023A746 /* RepairsListView.swift */ = {isa = PBXFileReference; lastKnownFileType = sourcecode.swift; path = RepairsListView.swift; sourceTree = "<group>"; };
		C3F87D0A2B36B6A2009C3EBC /* Repair.swift */ = {isa = PBXFileReference; lastKnownFileType = sourcecode.swift; path = Repair.swift; sourceTree = "<group>"; };
		C3F87D0E2B36C7B3009C3EBC /* ClientsListView.swift */ = {isa = PBXFileReference; lastKnownFileType = sourcecode.swift; path = ClientsListView.swift; sourceTree = "<group>"; };
		C3F87D102B36C7D4009C3EBC /* ConteragentListView.swift */ = {isa = PBXFileReference; lastKnownFileType = sourcecode.swift; path = ConteragentListView.swift; sourceTree = "<group>"; };
/* End PBXFileReference section */

/* Begin PBXFrameworksBuildPhase section */
		C3243E742B2F913000071C8F /* Frameworks */ = {
			isa = PBXFrameworksBuildPhase;
			buildActionMask = 2147483647;
			files = (
				C395D11C2B477CEB00B6F3D4 /* FirebaseAuth in Frameworks */,
				C395D11E2B477CEB00B6F3D4 /* FirebaseFirestore in Frameworks */,
			);
			runOnlyForDeploymentPostprocessing = 0;
		};
		C3243E842B2F913200071C8F /* Frameworks */ = {
			isa = PBXFrameworksBuildPhase;
			buildActionMask = 2147483647;
			files = (
			);
			runOnlyForDeploymentPostprocessing = 0;
		};
		C3243E8E2B2F913200071C8F /* Frameworks */ = {
			isa = PBXFrameworksBuildPhase;
			buildActionMask = 2147483647;
			files = (
			);
			runOnlyForDeploymentPostprocessing = 0;
		};
/* End PBXFrameworksBuildPhase section */

/* Begin PBXGroup section */
		C3243E6E2B2F913000071C8F = {
			isa = PBXGroup;
			children = (
				C3243E792B2F913000071C8F /* ReFix */,
				C3243E8A2B2F913200071C8F /* ReFixTests */,
				C3243E942B2F913200071C8F /* ReFixUITests */,
				C3243E782B2F913000071C8F /* Products */,
			);
			sourceTree = "<group>";
		};
		C3243E782B2F913000071C8F /* Products */ = {
			isa = PBXGroup;
			children = (
				C3243E772B2F913000071C8F /* ReFix.app */,
				C3243E872B2F913200071C8F /* ReFixTests.xctest */,
				C3243E912B2F913200071C8F /* ReFixUITests.xctest */,
			);
			name = Products;
			sourceTree = "<group>";
		};
		C3243E792B2F913000071C8F /* ReFix */ = {
			isa = PBXGroup;
			children = (
				C395D11F2B477DD100B6F3D4 /* GoogleService-Info.plist */,
				C3243EA62B2FB40800071C8F /* Info.plist */,
				C3243E7A2B2F913000071C8F /* ReFixApp.swift */,
				C3F87D092B36B64E009C3EBC /* Models */,
				C3F87D062B36B601009C3EBC /* Views */,
				C3243E7E2B2F913200071C8F /* Assets.xcassets */,
				C3243E802B2F913200071C8F /* Preview Content */,
				C3243EA72B2FB6F700071C8F /* LaunchScreen.storyboard */,
			);
			path = ReFix;
			sourceTree = "<group>";
		};
		C3243E802B2F913200071C8F /* Preview Content */ = {
			isa = PBXGroup;
			children = (
				C3243E812B2F913200071C8F /* Preview Assets.xcassets */,
			);
			path = "Preview Content";
			sourceTree = "<group>";
		};
		C3243E8A2B2F913200071C8F /* ReFixTests */ = {
			isa = PBXGroup;
			children = (
				C3243E8B2B2F913200071C8F /* ReFixTests.swift */,
			);
			path = ReFixTests;
			sourceTree = "<group>";
		};
		C3243E942B2F913200071C8F /* ReFixUITests */ = {
			isa = PBXGroup;
			children = (
				C3243E952B2F913200071C8F /* ReFixUITests.swift */,
				C3243E972B2F913200071C8F /* ReFixUITestsLaunchTests.swift */,
			);
			path = ReFixUITests;
			sourceTree = "<group>";
		};
		C3F87D062B36B601009C3EBC /* Views */ = {
			isa = PBXGroup;
			children = (
				C395D1162B3FD93300B6F3D4 /* SignInView.swift */,
				C395D12C2B497E1F00B6F3D4 /* SignUpView.swift */,
				C3243E7C2B2F913000071C8F /* MainView.swift */,
				C3A617962B3A17320023A746 /* RepairsListView.swift */,
				C3F87D0E2B36C7B3009C3EBC /* ClientsListView.swift */,
				C3F87D102B36C7D4009C3EBC /* ConteragentListView.swift */,
				C395D1182B3FD99100B6F3D4 /* ProfileView.swift */,
			);
			path = Views;
			sourceTree = "<group>";
		};
		C3F87D092B36B64E009C3EBC /* Models */ = {
			isa = PBXGroup;
			children = (
				C3F87D0A2B36B6A2009C3EBC /* Repair.swift */,
				C3A617922B3A0EFB0023A746 /* Client.swift */,
				C3A617942B3A0FA80023A746 /* ConterAgent.swift */,
			);
			path = Models;
			sourceTree = "<group>";
		};
/* End PBXGroup section */

/* Begin PBXNativeTarget section */
		C3243E762B2F913000071C8F /* ReFix */ = {
			isa = PBXNativeTarget;
			buildConfigurationList = C3243E9B2B2F913200071C8F /* Build configuration list for PBXNativeTarget "ReFix" */;
			buildPhases = (
				C3243E732B2F913000071C8F /* Sources */,
				C3243E742B2F913000071C8F /* Frameworks */,
				C3243E752B2F913000071C8F /* Resources */,
			);
			buildRules = (
			);
			dependencies = (
			);
			name = ReFix;
			packageProductDependencies = (
				C395D11B2B477CEB00B6F3D4 /* FirebaseAuth */,
				C395D11D2B477CEB00B6F3D4 /* FirebaseFirestore */,
			);
			productName = ReFix;
			productReference = C3243E772B2F913000071C8F /* ReFix.app */;
			productType = "com.apple.product-type.application";
		};
		C3243E862B2F913200071C8F /* ReFixTests */ = {
			isa = PBXNativeTarget;
			buildConfigurationList = C3243E9E2B2F913200071C8F /* Build configuration list for PBXNativeTarget "ReFixTests" */;
			buildPhases = (
				C3243E832B2F913200071C8F /* Sources */,
				C3243E842B2F913200071C8F /* Frameworks */,
				C3243E852B2F913200071C8F /* Resources */,
			);
			buildRules = (
			);
			dependencies = (
				C3243E892B2F913200071C8F /* PBXTargetDependency */,
			);
			name = ReFixTests;
			productName = ReFixTests;
			productReference = C3243E872B2F913200071C8F /* ReFixTests.xctest */;
			productType = "com.apple.product-type.bundle.unit-test";
		};
		C3243E902B2F913200071C8F /* ReFixUITests */ = {
			isa = PBXNativeTarget;
			buildConfigurationList = C3243EA12B2F913200071C8F /* Build configuration list for PBXNativeTarget "ReFixUITests" */;
			buildPhases = (
				C3243E8D2B2F913200071C8F /* Sources */,
				C3243E8E2B2F913200071C8F /* Frameworks */,
				C3243E8F2B2F913200071C8F /* Resources */,
			);
			buildRules = (
			);
			dependencies = (
				C3243E932B2F913200071C8F /* PBXTargetDependency */,
			);
			name = ReFixUITests;
			productName = ReFixUITests;
			productReference = C3243E912B2F913200071C8F /* ReFixUITests.xctest */;
			productType = "com.apple.product-type.bundle.ui-testing";
		};
/* End PBXNativeTarget section */

/* Begin PBXProject section */
		C3243E6F2B2F913000071C8F /* Project object */ = {
			isa = PBXProject;
			attributes = {
				BuildIndependentTargetsInParallel = 1;
				LastSwiftUpdateCheck = 1510;
				LastUpgradeCheck = 1510;
				TargetAttributes = {
					C3243E762B2F913000071C8F = {
						CreatedOnToolsVersion = 15.1;
					};
					C3243E862B2F913200071C8F = {
						CreatedOnToolsVersion = 15.1;
						TestTargetID = C3243E762B2F913000071C8F;
					};
					C3243E902B2F913200071C8F = {
						CreatedOnToolsVersion = 15.1;
						TestTargetID = C3243E762B2F913000071C8F;
					};
				};
			};
			buildConfigurationList = C3243E722B2F913000071C8F /* Build configuration list for PBXProject "ReFix" */;
			compatibilityVersion = "Xcode 14.0";
			developmentRegion = en;
			hasScannedForEncodings = 0;
			knownRegions = (
				en,
				Base,
			);
			mainGroup = C3243E6E2B2F913000071C8F;
			packageReferences = (
				C395D11A2B477CEB00B6F3D4 /* XCRemoteSwiftPackageReference "firebase-ios-sdk" */,
			);
			productRefGroup = C3243E782B2F913000071C8F /* Products */;
			projectDirPath = "";
			projectRoot = "";
			targets = (
				C3243E762B2F913000071C8F /* ReFix */,
				C3243E862B2F913200071C8F /* ReFixTests */,
				C3243E902B2F913200071C8F /* ReFixUITests */,
			);
		};
/* End PBXProject section */

/* Begin PBXResourcesBuildPhase section */
		C3243E752B2F913000071C8F /* Resources */ = {
			isa = PBXResourcesBuildPhase;
			buildActionMask = 2147483647;
			files = (
				C3243EA82B2FB6F700071C8F /* LaunchScreen.storyboard in Resources */,
				C395D1202B477DD200B6F3D4 /* GoogleService-Info.plist in Resources */,
				C3243E822B2F913200071C8F /* Preview Assets.xcassets in Resources */,
				C3243E7F2B2F913200071C8F /* Assets.xcassets in Resources */,
			);
			runOnlyForDeploymentPostprocessing = 0;
		};
		C3243E852B2F913200071C8F /* Resources */ = {
			isa = PBXResourcesBuildPhase;
			buildActionMask = 2147483647;
			files = (
				C395D1212B477DD200B6F3D4 /* GoogleService-Info.plist in Resources */,
			);
			runOnlyForDeploymentPostprocessing = 0;
		};
		C3243E8F2B2F913200071C8F /* Resources */ = {
			isa = PBXResourcesBuildPhase;
			buildActionMask = 2147483647;
			files = (
				C395D1222B477DD200B6F3D4 /* GoogleService-Info.plist in Resources */,
			);
			runOnlyForDeploymentPostprocessing = 0;
		};
/* End PBXResourcesBuildPhase section */

/* Begin PBXSourcesBuildPhase section */
		C3243E732B2F913000071C8F /* Sources */ = {
			isa = PBXSourcesBuildPhase;
			buildActionMask = 2147483647;
			files = (
				C3243E7D2B2F913000071C8F /* MainView.swift in Sources */,
				C3A617932B3A0EFB0023A746 /* Client.swift in Sources */,
				C395D1192B3FD99100B6F3D4 /* ProfileView.swift in Sources */,
				C3A617972B3A17320023A746 /* RepairsListView.swift in Sources */,
				C395D1172B3FD93300B6F3D4 /* SignInView.swift in Sources */,
				C395D12D2B497E1F00B6F3D4 /* SignUpView.swift in Sources */,
				C3F87D0F2B36C7B3009C3EBC /* ClientsListView.swift in Sources */,
				C3243E7B2B2F913000071C8F /* ReFixApp.swift in Sources */,
				C3F87D0B2B36B6A2009C3EBC /* Repair.swift in Sources */,
				C3A617952B3A0FA80023A746 /* ConterAgent.swift in Sources */,
				C3F87D112B36C7D4009C3EBC /* ConteragentListView.swift in Sources */,
			);
			runOnlyForDeploymentPostprocessing = 0;
		};
		C3243E832B2F913200071C8F /* Sources */ = {
			isa = PBXSourcesBuildPhase;
			buildActionMask = 2147483647;
			files = (
				C3243E8C2B2F913200071C8F /* ReFixTests.swift in Sources */,
			);
			runOnlyForDeploymentPostprocessing = 0;
		};
		C3243E8D2B2F913200071C8F /* Sources */ = {
			isa = PBXSourcesBuildPhase;
			buildActionMask = 2147483647;
			files = (
				C3243E962B2F913200071C8F /* ReFixUITests.swift in Sources */,
				C3243E982B2F913200071C8F /* ReFixUITestsLaunchTests.swift in Sources */,
			);
			runOnlyForDeploymentPostprocessing = 0;
		};
/* End PBXSourcesBuildPhase section */

/* Begin PBXTargetDependency section */
		C3243E892B2F913200071C8F /* PBXTargetDependency */ = {
			isa = PBXTargetDependency;
			target = C3243E762B2F913000071C8F /* ReFix */;
			targetProxy = C3243E882B2F913200071C8F /* PBXContainerItemProxy */;
		};
		C3243E932B2F913200071C8F /* PBXTargetDependency */ = {
			isa = PBXTargetDependency;
			target = C3243E762B2F913000071C8F /* ReFix */;
			targetProxy = C3243E922B2F913200071C8F /* PBXContainerItemProxy */;
		};
/* End PBXTargetDependency section */

/* Begin XCBuildConfiguration section */
		C3243E992B2F913200071C8F /* Debug */ = {
			isa = XCBuildConfiguration;
			buildSettings = {
				ALWAYS_SEARCH_USER_PATHS = NO;
				ASSETCATALOG_COMPILER_GENERATE_SWIFT_ASSET_SYMBOL_EXTENSIONS = YES;
				CLANG_ANALYZER_NONNULL = YES;
				CLANG_ANALYZER_NUMBER_OBJECT_CONVERSION = YES_AGGRESSIVE;
				CLANG_CXX_LANGUAGE_STANDARD = "gnu++20";
				CLANG_ENABLE_MODULES = YES;
				CLANG_ENABLE_OBJC_ARC = YES;
				CLANG_ENABLE_OBJC_WEAK = YES;
				CLANG_WARN_BLOCK_CAPTURE_AUTORELEASING = YES;
				CLANG_WARN_BOOL_CONVERSION = YES;
				CLANG_WARN_COMMA = YES;
				CLANG_WARN_CONSTANT_CONVERSION = YES;
				CLANG_WARN_DEPRECATED_OBJC_IMPLEMENTATIONS = YES;
				CLANG_WARN_DIRECT_OBJC_ISA_USAGE = YES_ERROR;
				CLANG_WARN_DOCUMENTATION_COMMENTS = YES;
				CLANG_WARN_EMPTY_BODY = YES;
				CLANG_WARN_ENUM_CONVERSION = YES;
				CLANG_WARN_INFINITE_RECURSION = YES;
				CLANG_WARN_INT_CONVERSION = YES;
				CLANG_WARN_NON_LITERAL_NULL_CONVERSION = YES;
				CLANG_WARN_OBJC_IMPLICIT_RETAIN_SELF = YES;
				CLANG_WARN_OBJC_LITERAL_CONVERSION = YES;
				CLANG_WARN_OBJC_ROOT_CLASS = YES_ERROR;
				CLANG_WARN_QUOTED_INCLUDE_IN_FRAMEWORK_HEADER = YES;
				CLANG_WARN_RANGE_LOOP_ANALYSIS = YES;
				CLANG_WARN_STRICT_PROTOTYPES = YES;
				CLANG_WARN_SUSPICIOUS_MOVE = YES;
				CLANG_WARN_UNGUARDED_AVAILABILITY = YES_AGGRESSIVE;
				CLANG_WARN_UNREACHABLE_CODE = YES;
				CLANG_WARN__DUPLICATE_METHOD_MATCH = YES;
				COPY_PHASE_STRIP = NO;
				DEBUG_INFORMATION_FORMAT = dwarf;
				ENABLE_STRICT_OBJC_MSGSEND = YES;
				ENABLE_TESTABILITY = YES;
				ENABLE_USER_SCRIPT_SANDBOXING = YES;
				GCC_C_LANGUAGE_STANDARD = gnu17;
				GCC_DYNAMIC_NO_PIC = NO;
				GCC_NO_COMMON_BLOCKS = YES;
				GCC_OPTIMIZATION_LEVEL = 0;
				GCC_PREPROCESSOR_DEFINITIONS = (
					"DEBUG=1",
					"$(inherited)",
				);
				GCC_WARN_64_TO_32_BIT_CONVERSION = YES;
				GCC_WARN_ABOUT_RETURN_TYPE = YES_ERROR;
				GCC_WARN_UNDECLARED_SELECTOR = YES;
				GCC_WARN_UNINITIALIZED_AUTOS = YES_AGGRESSIVE;
				GCC_WARN_UNUSED_FUNCTION = YES;
				GCC_WARN_UNUSED_VARIABLE = YES;
				IPHONEOS_DEPLOYMENT_TARGET = 17.2;
				LOCALIZATION_PREFERS_STRING_CATALOGS = YES;
				MTL_ENABLE_DEBUG_INFO = INCLUDE_SOURCE;
				MTL_FAST_MATH = YES;
				ONLY_ACTIVE_ARCH = YES;
				SDKROOT = iphoneos;
				SWIFT_ACTIVE_COMPILATION_CONDITIONS = "DEBUG $(inherited)";
				SWIFT_OPTIMIZATION_LEVEL = "-Onone";
			};
			name = Debug;
		};
		C3243E9A2B2F913200071C8F /* Release */ = {
			isa = XCBuildConfiguration;
			buildSettings = {
				ALWAYS_SEARCH_USER_PATHS = NO;
				ASSETCATALOG_COMPILER_GENERATE_SWIFT_ASSET_SYMBOL_EXTENSIONS = YES;
				CLANG_ANALYZER_NONNULL = YES;
				CLANG_ANALYZER_NUMBER_OBJECT_CONVERSION = YES_AGGRESSIVE;
				CLANG_CXX_LANGUAGE_STANDARD = "gnu++20";
				CLANG_ENABLE_MODULES = YES;
				CLANG_ENABLE_OBJC_ARC = YES;
				CLANG_ENABLE_OBJC_WEAK = YES;
				CLANG_WARN_BLOCK_CAPTURE_AUTORELEASING = YES;
				CLANG_WARN_BOOL_CONVERSION = YES;
				CLANG_WARN_COMMA = YES;
				CLANG_WARN_CONSTANT_CONVERSION = YES;
				CLANG_WARN_DEPRECATED_OBJC_IMPLEMENTATIONS = YES;
				CLANG_WARN_DIRECT_OBJC_ISA_USAGE = YES_ERROR;
				CLANG_WARN_DOCUMENTATION_COMMENTS = YES;
				CLANG_WARN_EMPTY_BODY = YES;
				CLANG_WARN_ENUM_CONVERSION = YES;
				CLANG_WARN_INFINITE_RECURSION = YES;
				CLANG_WARN_INT_CONVERSION = YES;
				CLANG_WARN_NON_LITERAL_NULL_CONVERSION = YES;
				CLANG_WARN_OBJC_IMPLICIT_RETAIN_SELF = YES;
				CLANG_WARN_OBJC_LITERAL_CONVERSION = YES;
				CLANG_WARN_OBJC_ROOT_CLASS = YES_ERROR;
				CLANG_WARN_QUOTED_INCLUDE_IN_FRAMEWORK_HEADER = YES;
				CLANG_WARN_RANGE_LOOP_ANALYSIS = YES;
				CLANG_WARN_STRICT_PROTOTYPES = YES;
				CLANG_WARN_SUSPICIOUS_MOVE = YES;
				CLANG_WARN_UNGUARDED_AVAILABILITY = YES_AGGRESSIVE;
				CLANG_WARN_UNREACHABLE_CODE = YES;
				CLANG_WARN__DUPLICATE_METHOD_MATCH = YES;
				COPY_PHASE_STRIP = NO;
				DEBUG_INFORMATION_FORMAT = "dwarf-with-dsym";
				ENABLE_NS_ASSERTIONS = NO;
				ENABLE_STRICT_OBJC_MSGSEND = YES;
				ENABLE_USER_SCRIPT_SANDBOXING = YES;
				GCC_C_LANGUAGE_STANDARD = gnu17;
				GCC_NO_COMMON_BLOCKS = YES;
				GCC_WARN_64_TO_32_BIT_CONVERSION = YES;
				GCC_WARN_ABOUT_RETURN_TYPE = YES_ERROR;
				GCC_WARN_UNDECLARED_SELECTOR = YES;
				GCC_WARN_UNINITIALIZED_AUTOS = YES_AGGRESSIVE;
				GCC_WARN_UNUSED_FUNCTION = YES;
				GCC_WARN_UNUSED_VARIABLE = YES;
				IPHONEOS_DEPLOYMENT_TARGET = 17.2;
				LOCALIZATION_PREFERS_STRING_CATALOGS = YES;
				MTL_ENABLE_DEBUG_INFO = NO;
				MTL_FAST_MATH = YES;
				SDKROOT = iphoneos;
				SWIFT_COMPILATION_MODE = wholemodule;
				VALIDATE_PRODUCT = YES;
			};
			name = Release;
		};
		C3243E9C2B2F913200071C8F /* Debug */ = {
			isa = XCBuildConfiguration;
			buildSettings = {
				ASSETCATALOG_COMPILER_APPICON_NAME = AppIcon;
				ASSETCATALOG_COMPILER_GLOBAL_ACCENT_COLOR_NAME = AccentColor;
				CODE_SIGN_STYLE = Automatic;
				CURRENT_PROJECT_VERSION = 1;
				DEVELOPMENT_ASSET_PATHS = "\"ReFix/Preview Content\"";
				DEVELOPMENT_TEAM = 93V56GM6ZK;
				ENABLE_PREVIEWS = YES;
				GENERATE_INFOPLIST_FILE = YES;
				INFOPLIST_FILE = ReFix/Info.plist;
				INFOPLIST_KEY_LSApplicationCategoryType = "public.app-category.business";
				INFOPLIST_KEY_UIApplicationSceneManifest_Generation = YES;
				INFOPLIST_KEY_UIApplicationSupportsIndirectInputEvents = YES;
				INFOPLIST_KEY_UILaunchStoryboardName = LaunchScreen.storyboard;
				INFOPLIST_KEY_UISupportedInterfaceOrientations = UIInterfaceOrientationPortrait;
				INFOPLIST_KEY_UISupportedInterfaceOrientations_iPad = "UIInterfaceOrientationLandscapeLeft UIInterfaceOrientationLandscapeRight UIInterfaceOrientationPortrait UIInterfaceOrientationPortraitUpsideDown";
				IPHONEOS_DEPLOYMENT_TARGET = 17.0;
				LD_RUNPATH_SEARCH_PATHS = (
					"$(inherited)",
					"@executable_path/Frameworks",
				);
				MARKETING_VERSION = 1.0;
				PRODUCT_BUNDLE_IDENTIFIER = dreamteam.ReFix;
				PRODUCT_NAME = "$(TARGET_NAME)";
				SWIFT_EMIT_LOC_STRINGS = YES;
				SWIFT_VERSION = 5.0;
				TARGETED_DEVICE_FAMILY = "1,2";
			};
			name = Debug;
		};
		C3243E9D2B2F913200071C8F /* Release */ = {
			isa = XCBuildConfiguration;
			buildSettings = {
				ASSETCATALOG_COMPILER_APPICON_NAME = AppIcon;
				ASSETCATALOG_COMPILER_GLOBAL_ACCENT_COLOR_NAME = AccentColor;
				CODE_SIGN_STYLE = Automatic;
				CURRENT_PROJECT_VERSION = 1;
				DEVELOPMENT_ASSET_PATHS = "\"ReFix/Preview Content\"";
				DEVELOPMENT_TEAM = 93V56GM6ZK;
				ENABLE_PREVIEWS = YES;
				GENERATE_INFOPLIST_FILE = YES;
				INFOPLIST_FILE = ReFix/Info.plist;
				INFOPLIST_KEY_LSApplicationCategoryType = "public.app-category.business";
				INFOPLIST_KEY_UIApplicationSceneManifest_Generation = YES;
				INFOPLIST_KEY_UIApplicationSupportsIndirectInputEvents = YES;
				INFOPLIST_KEY_UILaunchStoryboardName = LaunchScreen.storyboard;
				INFOPLIST_KEY_UISupportedInterfaceOrientations = UIInterfaceOrientationPortrait;
				INFOPLIST_KEY_UISupportedInterfaceOrientations_iPad = "UIInterfaceOrientationLandscapeLeft UIInterfaceOrientationLandscapeRight UIInterfaceOrientationPortrait UIInterfaceOrientationPortraitUpsideDown";
				IPHONEOS_DEPLOYMENT_TARGET = 17.0;
				LD_RUNPATH_SEARCH_PATHS = (
					"$(inherited)",
					"@executable_path/Frameworks",
				);
				MARKETING_VERSION = 1.0;
				PRODUCT_BUNDLE_IDENTIFIER = dreamteam.ReFix;
				PRODUCT_NAME = "$(TARGET_NAME)";
				SWIFT_EMIT_LOC_STRINGS = YES;
				SWIFT_VERSION = 5.0;
				TARGETED_DEVICE_FAMILY = "1,2";
			};
			name = Release;
		};
		C3243E9F2B2F913200071C8F /* Debug */ = {
			isa = XCBuildConfiguration;
			buildSettings = {
				ALWAYS_EMBED_SWIFT_STANDARD_LIBRARIES = YES;
				BUNDLE_LOADER = "$(TEST_HOST)";
				CODE_SIGN_STYLE = Automatic;
				CURRENT_PROJECT_VERSION = 1;
				DEVELOPMENT_TEAM = 93V56GM6ZK;
				GENERATE_INFOPLIST_FILE = YES;
				IPHONEOS_DEPLOYMENT_TARGET = 17.2;
				MARKETING_VERSION = 1.0;
				PRODUCT_BUNDLE_IDENTIFIER = dreamteam.ReFixTests;
				PRODUCT_NAME = "$(TARGET_NAME)";
				SWIFT_EMIT_LOC_STRINGS = NO;
				SWIFT_VERSION = 5.0;
				TARGETED_DEVICE_FAMILY = "1,2";
				TEST_HOST = "$(BUILT_PRODUCTS_DIR)/ReFix.app/$(BUNDLE_EXECUTABLE_FOLDER_PATH)/ReFix";
			};
			name = Debug;
		};
		C3243EA02B2F913200071C8F /* Release */ = {
			isa = XCBuildConfiguration;
			buildSettings = {
				ALWAYS_EMBED_SWIFT_STANDARD_LIBRARIES = YES;
				BUNDLE_LOADER = "$(TEST_HOST)";
				CODE_SIGN_STYLE = Automatic;
				CURRENT_PROJECT_VERSION = 1;
				DEVELOPMENT_TEAM = 93V56GM6ZK;
				GENERATE_INFOPLIST_FILE = YES;
				IPHONEOS_DEPLOYMENT_TARGET = 17.2;
				MARKETING_VERSION = 1.0;
				PRODUCT_BUNDLE_IDENTIFIER = dreamteam.ReFixTests;
				PRODUCT_NAME = "$(TARGET_NAME)";
				SWIFT_EMIT_LOC_STRINGS = NO;
				SWIFT_VERSION = 5.0;
				TARGETED_DEVICE_FAMILY = "1,2";
				TEST_HOST = "$(BUILT_PRODUCTS_DIR)/ReFix.app/$(BUNDLE_EXECUTABLE_FOLDER_PATH)/ReFix";
			};
			name = Release;
		};
		C3243EA22B2F913200071C8F /* Debug */ = {
			isa = XCBuildConfiguration;
			buildSettings = {
				ALWAYS_EMBED_SWIFT_STANDARD_LIBRARIES = YES;
				CODE_SIGN_STYLE = Automatic;
				CURRENT_PROJECT_VERSION = 1;
				DEVELOPMENT_TEAM = 93V56GM6ZK;
				GENERATE_INFOPLIST_FILE = YES;
				MARKETING_VERSION = 1.0;
				PRODUCT_BUNDLE_IDENTIFIER = dreamteam.ReFixUITests;
				PRODUCT_NAME = "$(TARGET_NAME)";
				SWIFT_EMIT_LOC_STRINGS = NO;
				SWIFT_VERSION = 5.0;
				TARGETED_DEVICE_FAMILY = "1,2";
				TEST_TARGET_NAME = ReFix;
			};
			name = Debug;
		};
		C3243EA32B2F913200071C8F /* Release */ = {
			isa = XCBuildConfiguration;
			buildSettings = {
				ALWAYS_EMBED_SWIFT_STANDARD_LIBRARIES = YES;
				CODE_SIGN_STYLE = Automatic;
				CURRENT_PROJECT_VERSION = 1;
				DEVELOPMENT_TEAM = 93V56GM6ZK;
				GENERATE_INFOPLIST_FILE = YES;
				MARKETING_VERSION = 1.0;
				PRODUCT_BUNDLE_IDENTIFIER = dreamteam.ReFixUITests;
				PRODUCT_NAME = "$(TARGET_NAME)";
				SWIFT_EMIT_LOC_STRINGS = NO;
				SWIFT_VERSION = 5.0;
				TARGETED_DEVICE_FAMILY = "1,2";
				TEST_TARGET_NAME = ReFix;
			};
			name = Release;
		};
/* End XCBuildConfiguration section */

/* Begin XCConfigurationList section */
		C3243E722B2F913000071C8F /* Build configuration list for PBXProject "ReFix" */ = {
			isa = XCConfigurationList;
			buildConfigurations = (
				C3243E992B2F913200071C8F /* Debug */,
				C3243E9A2B2F913200071C8F /* Release */,
			);
			defaultConfigurationIsVisible = 0;
			defaultConfigurationName = Release;
		};
		C3243E9B2B2F913200071C8F /* Build configuration list for PBXNativeTarget "ReFix" */ = {
			isa = XCConfigurationList;
			buildConfigurations = (
				C3243E9C2B2F913200071C8F /* Debug */,
				C3243E9D2B2F913200071C8F /* Release */,
			);
			defaultConfigurationIsVisible = 0;
			defaultConfigurationName = Release;
		};
		C3243E9E2B2F913200071C8F /* Build configuration list for PBXNativeTarget "ReFixTests" */ = {
			isa = XCConfigurationList;
			buildConfigurations = (
				C3243E9F2B2F913200071C8F /* Debug */,
				C3243EA02B2F913200071C8F /* Release */,
			);
			defaultConfigurationIsVisible = 0;
			defaultConfigurationName = Release;
		};
		C3243EA12B2F913200071C8F /* Build configuration list for PBXNativeTarget "ReFixUITests" */ = {
			isa = XCConfigurationList;
			buildConfigurations = (
				C3243EA22B2F913200071C8F /* Debug */,
				C3243EA32B2F913200071C8F /* Release */,
			);
			defaultConfigurationIsVisible = 0;
			defaultConfigurationName = Release;
		};
/* End XCConfigurationList section */

/* Begin XCRemoteSwiftPackageReference section */
		C395D11A2B477CEB00B6F3D4 /* XCRemoteSwiftPackageReference "firebase-ios-sdk" */ = {
			isa = XCRemoteSwiftPackageReference;
			repositoryURL = "https://github.com/firebase/firebase-ios-sdk.git";
			requirement = {
				kind = upToNextMajorVersion;
				minimumVersion = 10.19.1;
			};
		};
/* End XCRemoteSwiftPackageReference section */

/* Begin XCSwiftPackageProductDependency section */
		C395D11B2B477CEB00B6F3D4 /* FirebaseAuth */ = {
			isa = XCSwiftPackageProductDependency;
			package = C395D11A2B477CEB00B6F3D4 /* XCRemoteSwiftPackageReference "firebase-ios-sdk" */;
			productName = FirebaseAuth;
		};
		C395D11D2B477CEB00B6F3D4 /* FirebaseFirestore */ = {
			isa = XCSwiftPackageProductDependency;
			package = C395D11A2B477CEB00B6F3D4 /* XCRemoteSwiftPackageReference "firebase-ios-sdk" */;
			productName = FirebaseFirestore;
		};
/* End XCSwiftPackageProductDependency section */
	};
	rootObject = C3243E6F2B2F913000071C8F /* Project object */;
}
